# THIS IS AN AUTOGENERATED FILE. DO NOT EDIT THIS FILE DIRECTLY.
# yarn lockfile v1


postgresql-dev-server@^1.0.6:
  version "1.0.6"
  resolved "https://registry.yarnpkg.com/postgresql-dev-server/-/postgresql-dev-server-1.0.6.tgz#30d3c5f6524b144ceb4ee4ba501b8abe058c8839"
  integrity sha512-70NZHqxyemkm+eafbSNEYGD2z7YrEt1OV1g7ZZ4Pr8Y0f/6UZtyJP4zAtiSGVoPF608OfIWwX8iY4sihyN10kQ==
  dependencies:
    progress "^2.0.0"

progress@^2.0.0:
  version "2.0.3"
  resolved "https://registry.yarnpkg.com/progress/-/progress-2.0.3.tgz#7e8cf8d8f5b8f239c1bc68beb4eb78567d572ef8"
  integrity sha512-7PiHtLll5LdnKIMw100I+8xJXR5gW2QwWYkT6iJva0bXitZKa/XMrSbdmg3r2Xnaidz9Qumd0VPaMrZlF9V9sA==
